
Microsoft Visual Studio Solution File, Format Version 12.00
# Visual Studio Version 17
VisualStudioVersion = 17.5.33516.290
MinimumVisualStudioVersion = 10.0.40219.1
Project("{FAE04EC0-301F-11D3-BF4B-00C04F79EFBC}") = "hotel_crm_system", "hotel_crm_system\hotel_crm_system.csproj", "{84F209EF-71D5-4B71-98B5-894512125121}"
EndProject
Global
	GlobalSection(SolutionConfigurationPlatforms) = preSolution
		Debug|Any CPU = Debug|Any CPU
		Release|Any CPU = Release|Any CPU
	EndGlobalSection
	GlobalSection(ProjectConfigurationPlatforms) = postSolution
		{84F209EF-71D5-4B71-98B5-894512125121}.Debug|Any CPU.ActiveCfg = Debug|Any CPU
		{84F209EF-71D5-4B71-98B5-894512125121}.Debug|Any CPU.Build.0 = Debug|Any CPU
		{84F209EF-71D5-4B71-98B5-894512125121}.Release|Any CPU.ActiveCfg = Release|Any CPU
		{84F209EF-71D5-4B71-98B5-894512125121}.Release|Any CPU.Build.0 = Release|Any CPU
	EndGlobalSection
	GlobalSection(SolutionProperties) = preSolution
		HideSolutionNode = FALSE
	EndGlobalSection
	GlobalSection(ExtensibilityGlobals) = postSolution
		SolutionGuid = {FA70AF83-F312-4020-9956-EE9A7C48B44F}
	EndGlobalSection
EndGlobal
